// !$*UTF8*$!
{
	archiveVersion = 1;
	classes = {
	};
	objectVersion = 48;
	objects = {

/* Begin PBXBuildFile section */
		1417FAB51FE21A6300EDBF1B /* CurArchProjects.swift in Sources */ = {isa = PBXBuildFile; fileRef = 1417FAB41FE21A6300EDBF1B /* CurArchProjects.swift */; };
		1433E5971FD8C8DD00925648 /* CommonTextField.swift in Sources */ = {isa = PBXBuildFile; fileRef = 1433E5961FD8C8DD00925648 /* CommonTextField.swift */; };
		1433E5991FD8D11400925648 /* CreateProjectVC.swift in Sources */ = {isa = PBXBuildFile; fileRef = 1433E5981FD8D11400925648 /* CreateProjectVC.swift */; };
		1433E59D1FD8E86200925648 /* CircleButton.swift in Sources */ = {isa = PBXBuildFile; fileRef = 1433E59C1FD8E86200925648 /* CircleButton.swift */; };
		14392FAB1FC516CE00993BB7 /* AppDelegate.swift in Sources */ = {isa = PBXBuildFile; fileRef = 14392FAA1FC516CE00993BB7 /* AppDelegate.swift */; };
		14392FAD1FC516CE00993BB7 /* SignInVC.swift in Sources */ = {isa = PBXBuildFile; fileRef = 14392FAC1FC516CE00993BB7 /* SignInVC.swift */; };
		14392FB01FC516CE00993BB7 /* Main.storyboard in Resources */ = {isa = PBXBuildFile; fileRef = 14392FAE1FC516CE00993BB7 /* Main.storyboard */; };
		14392FB21FC516CE00993BB7 /* Assets.xcassets in Resources */ = {isa = PBXBuildFile; fileRef = 14392FB11FC516CE00993BB7 /* Assets.xcassets */; };
		14392FB51FC516CE00993BB7 /* LaunchScreen.storyboard in Resources */ = {isa = PBXBuildFile; fileRef = 14392FB31FC516CE00993BB7 /* LaunchScreen.storyboard */; };
		14392FBD1FC51A6C00993BB7 /* GoogleService-Info.plist in Resources */ = {isa = PBXBuildFile; fileRef = 14392FBC1FC51A6C00993BB7 /* GoogleService-Info.plist */; };
		1444D5E81FCE5F9F00A50CFF /* ProjectsTabBar.swift in Sources */ = {isa = PBXBuildFile; fileRef = 1444D5E71FCE5F9F00A50CFF /* ProjectsTabBar.swift */; };
		1444D5ED1FCF8E8600A50CFF /* User.swift in Sources */ = {isa = PBXBuildFile; fileRef = 1444D5EC1FCF8E8600A50CFF /* User.swift */; };
		1444D5EF1FD0C53900A50CFF /* UserProjects.swift in Sources */ = {isa = PBXBuildFile; fileRef = 1444D5EE1FD0C53900A50CFF /* UserProjects.swift */; };
		1444D5F11FD0CC9000A50CFF /* ProjectListVC.swift in Sources */ = {isa = PBXBuildFile; fileRef = 1444D5F01FD0CC9000A50CFF /* ProjectListVC.swift */; };
		1444D5F31FD0E67E00A50CFF /* ProjectDetails.swift in Sources */ = {isa = PBXBuildFile; fileRef = 1444D5F21FD0E67E00A50CFF /* ProjectDetails.swift */; };
		1444D5F51FD45B9900A50CFF /* ProjectsCell.swift in Sources */ = {isa = PBXBuildFile; fileRef = 1444D5F41FD45B9900A50CFF /* ProjectsCell.swift */; };
		1444D5F71FD63F7000A50CFF /* CircleImage.swift in Sources */ = {isa = PBXBuildFile; fileRef = 1444D5F61FD63F7000A50CFF /* CircleImage.swift */; };
		1444D5F91FD6414200A50CFF /* CustomView.swift in Sources */ = {isa = PBXBuildFile; fileRef = 1444D5F81FD6414200A50CFF /* CustomView.swift */; };
		14C8AEF91FCAF674005AACA2 /* Constants.swift in Sources */ = {isa = PBXBuildFile; fileRef = 14C8AEF81FCAF674005AACA2 /* Constants.swift */; };
		14C8AEFD1FCB04D4005AACA2 /* CustomTextField.swift in Sources */ = {isa = PBXBuildFile; fileRef = 14C8AEFC1FCB04D4005AACA2 /* CustomTextField.swift */; };
		14C8AEFF1FCB05FC005AACA2 /* RndButton.swift in Sources */ = {isa = PBXBuildFile; fileRef = 14C8AEFE1FCB05FC005AACA2 /* RndButton.swift */; };
		14C8AF021FCCEC64005AACA2 /* DataService.swift in Sources */ = {isa = PBXBuildFile; fileRef = 14C8AF011FCCEC64005AACA2 /* DataService.swift */; };
		14E8D5051FF2BEE800B85A20 /* ArchiveProjectsVC.swift in Sources */ = {isa = PBXBuildFile; fileRef = 14E8D5041FF2BEE800B85A20 /* ArchiveProjectsVC.swift */; };
		14E8D5071FF2CA7600B85A20 /* ArchiveProjectCell.swift in Sources */ = {isa = PBXBuildFile; fileRef = 14E8D5061FF2CA7600B85A20 /* ArchiveProjectCell.swift */; };
		1E477724B92E25CFD32BCC06 /* Pods_Global_Film_Access.framework in Frameworks */ = {isa = PBXBuildFile; fileRef = D3CDBEDCFF910448C7FC4733 /* Pods_Global_Film_Access.framework */; };
/* End PBXBuildFile section */

/* Begin PBXFileReference section */
		0D1F3B38E97BD801B0E1B7CE /* Pods-Global Film Access.debug.xcconfig */ = {isa = PBXFileReference; includeInIndex = 1; lastKnownFileType = text.xcconfig; name = "Pods-Global Film Access.debug.xcconfig"; path = "Pods/Target Support Files/Pods-Global Film Access/Pods-Global Film Access.debug.xcconfig"; sourceTree = "<group>"; };
		1417FAB41FE21A6300EDBF1B /* CurArchProjects.swift */ = {isa = PBXFileReference; lastKnownFileType = sourcecode.swift; path = CurArchProjects.swift; sourceTree = "<group>"; };
		1433E5961FD8C8DD00925648 /* CommonTextField.swift */ = {isa = PBXFileReference; lastKnownFileType = sourcecode.swift; path = CommonTextField.swift; sourceTree = "<group>"; };
		1433E5981FD8D11400925648 /* CreateProjectVC.swift */ = {isa = PBXFileReference; lastKnownFileType = sourcecode.swift; path = CreateProjectVC.swift; sourceTree = "<group>"; };
		1433E59C1FD8E86200925648 /* CircleButton.swift */ = {isa = PBXFileReference; lastKnownFileType = sourcecode.swift; path = CircleButton.swift; sourceTree = "<group>"; };
		14392FA71FC516CE00993BB7 /* Global Film Access.app */ = {isa = PBXFileReference; explicitFileType = wrapper.application; includeInIndex = 0; path = "Global Film Access.app"; sourceTree = BUILT_PRODUCTS_DIR; };
		14392FAA1FC516CE00993BB7 /* AppDelegate.swift */ = {isa = PBXFileReference; lastKnownFileType = sourcecode.swift; path = AppDelegate.swift; sourceTree = "<group>"; };
		14392FAC1FC516CE00993BB7 /* SignInVC.swift */ = {isa = PBXFileReference; lastKnownFileType = sourcecode.swift; path = SignInVC.swift; sourceTree = "<group>"; };
		14392FAF1FC516CE00993BB7 /* Base */ = {isa = PBXFileReference; lastKnownFileType = file.storyboard; name = Base; path = Base.lproj/Main.storyboard; sourceTree = "<group>"; };
		14392FB11FC516CE00993BB7 /* Assets.xcassets */ = {isa = PBXFileReference; lastKnownFileType = folder.assetcatalog; path = Assets.xcassets; sourceTree = "<group>"; };
		14392FB41FC516CE00993BB7 /* Base */ = {isa = PBXFileReference; lastKnownFileType = file.storyboard; name = Base; path = Base.lproj/LaunchScreen.storyboard; sourceTree = "<group>"; };
		14392FB61FC516CE00993BB7 /* Info.plist */ = {isa = PBXFileReference; lastKnownFileType = text.plist.xml; path = Info.plist; sourceTree = "<group>"; };
		14392FBC1FC51A6C00993BB7 /* GoogleService-Info.plist */ = {isa = PBXFileReference; fileEncoding = 4; lastKnownFileType = text.plist.xml; path = "GoogleService-Info.plist"; sourceTree = "<group>"; };
		1444D5E71FCE5F9F00A50CFF /* ProjectsTabBar.swift */ = {isa = PBXFileReference; lastKnownFileType = sourcecode.swift; path = ProjectsTabBar.swift; sourceTree = "<group>"; };
		1444D5EC1FCF8E8600A50CFF /* User.swift */ = {isa = PBXFileReference; lastKnownFileType = sourcecode.swift; path = User.swift; sourceTree = "<group>"; };
		1444D5EE1FD0C53900A50CFF /* UserProjects.swift */ = {isa = PBXFileReference; lastKnownFileType = sourcecode.swift; path = UserProjects.swift; sourceTree = "<group>"; };
		1444D5F01FD0CC9000A50CFF /* ProjectListVC.swift */ = {isa = PBXFileReference; lastKnownFileType = sourcecode.swift; path = ProjectListVC.swift; sourceTree = "<group>"; };
		1444D5F21FD0E67E00A50CFF /* ProjectDetails.swift */ = {isa = PBXFileReference; lastKnownFileType = sourcecode.swift; path = ProjectDetails.swift; sourceTree = "<group>"; };
		1444D5F41FD45B9900A50CFF /* ProjectsCell.swift */ = {isa = PBXFileReference; lastKnownFileType = sourcecode.swift; path = ProjectsCell.swift; sourceTree = "<group>"; };
		1444D5F61FD63F7000A50CFF /* CircleImage.swift */ = {isa = PBXFileReference; lastKnownFileType = sourcecode.swift; path = CircleImage.swift; sourceTree = "<group>"; };
		1444D5F81FD6414200A50CFF /* CustomView.swift */ = {isa = PBXFileReference; lastKnownFileType = sourcecode.swift; path = CustomView.swift; sourceTree = "<group>"; };
		14C8AEF81FCAF674005AACA2 /* Constants.swift */ = {isa = PBXFileReference; lastKnownFileType = sourcecode.swift; path = Constants.swift; sourceTree = "<group>"; };
		14C8AEFC1FCB04D4005AACA2 /* CustomTextField.swift */ = {isa = PBXFileReference; lastKnownFileType = sourcecode.swift; path = CustomTextField.swift; sourceTree = "<group>"; };
		14C8AEFE1FCB05FC005AACA2 /* RndButton.swift */ = {isa = PBXFileReference; lastKnownFileType = sourcecode.swift; path = RndButton.swift; sourceTree = "<group>"; };
		14C8AF011FCCEC64005AACA2 /* DataService.swift */ = {isa = PBXFileReference; lastKnownFileType = sourcecode.swift; path = DataService.swift; sourceTree = "<group>"; };
		14E8D5041FF2BEE800B85A20 /* ArchiveProjectsVC.swift */ = {isa = PBXFileReference; lastKnownFileType = sourcecode.swift; path = ArchiveProjectsVC.swift; sourceTree = "<group>"; };
		14E8D5061FF2CA7600B85A20 /* ArchiveProjectCell.swift */ = {isa = PBXFileReference; lastKnownFileType = sourcecode.swift; path = ArchiveProjectCell.swift; sourceTree = "<group>"; };
		C9E9645289A7DF37D7A13653 /* Pods-Global Film Access.release.xcconfig */ = {isa = PBXFileReference; includeInIndex = 1; lastKnownFileType = text.xcconfig; name = "Pods-Global Film Access.release.xcconfig"; path = "Pods/Target Support Files/Pods-Global Film Access/Pods-Global Film Access.release.xcconfig"; sourceTree = "<group>"; };
		D3CDBEDCFF910448C7FC4733 /* Pods_Global_Film_Access.framework */ = {isa = PBXFileReference; explicitFileType = wrapper.framework; includeInIndex = 0; path = Pods_Global_Film_Access.framework; sourceTree = BUILT_PRODUCTS_DIR; };
/* End PBXFileReference section */

/* Begin PBXFrameworksBuildPhase section */
		14392FA41FC516CE00993BB7 /* Frameworks */ = {
			isa = PBXFrameworksBuildPhase;
			buildActionMask = 2147483647;
			files = (
				1E477724B92E25CFD32BCC06 /* Pods_Global_Film_Access.framework in Frameworks */,
			);
			runOnlyForDeploymentPostprocessing = 0;
		};
/* End PBXFrameworksBuildPhase section */

/* Begin PBXGroup section */
		14392F9E1FC516CE00993BB7 = {
			isa = PBXGroup;
			children = (
				14392FA91FC516CE00993BB7 /* Global Film Access */,
				14392FA81FC516CE00993BB7 /* Products */,
				8D5721C207B9AE87DFCF6CC7 /* Pods */,
				276C0B563ABFE943FCF80427 /* Frameworks */,
			);
			sourceTree = "<group>";
		};
		14392FA81FC516CE00993BB7 /* Products */ = {
			isa = PBXGroup;
			children = (
				14392FA71FC516CE00993BB7 /* Global Film Access.app */,
			);
			name = Products;
			sourceTree = "<group>";
		};
		14392FA91FC516CE00993BB7 /* Global Film Access */ = {
			isa = PBXGroup;
			children = (
				1444D5EB1FCF8E3A00A50CFF /* Models */,
				14C8AF001FCCEBFB005AACA2 /* Services */,
				14C8AEF71FCAF62F005AACA2 /* Utilities */,
				14C8AEF41FCAF5D2005AACA2 /* View */,
				14C8AF031FCCEEF3005AACA2 /* Controller */,
				14392FAA1FC516CE00993BB7 /* AppDelegate.swift */,
				14392FAE1FC516CE00993BB7 /* Main.storyboard */,
				14392FB11FC516CE00993BB7 /* Assets.xcassets */,
				14392FB31FC516CE00993BB7 /* LaunchScreen.storyboard */,
				14392FB61FC516CE00993BB7 /* Info.plist */,
				14392FBC1FC51A6C00993BB7 /* GoogleService-Info.plist */,
			);
			path = "Global Film Access";
			sourceTree = "<group>";
		};
		1444D5EB1FCF8E3A00A50CFF /* Models */ = {
			isa = PBXGroup;
			children = (
				1444D5EC1FCF8E8600A50CFF /* User.swift */,
				1444D5EE1FD0C53900A50CFF /* UserProjects.swift */,
				1444D5F21FD0E67E00A50CFF /* ProjectDetails.swift */,
				1417FAB41FE21A6300EDBF1B /* CurArchProjects.swift */,
			);
			path = Models;
			sourceTree = "<group>";
		};
		14C8AEF41FCAF5D2005AACA2 /* View */ = {
			isa = PBXGroup;
			children = (
				14C8AEFC1FCB04D4005AACA2 /* CustomTextField.swift */,
				14C8AEFE1FCB05FC005AACA2 /* RndButton.swift */,
				1444D5E71FCE5F9F00A50CFF /* ProjectsTabBar.swift */,
				1444D5F61FD63F7000A50CFF /* CircleImage.swift */,
				1444D5F81FD6414200A50CFF /* CustomView.swift */,
				1433E5961FD8C8DD00925648 /* CommonTextField.swift */,
				1433E59C1FD8E86200925648 /* CircleButton.swift */,
			);
			path = View;
			sourceTree = "<group>";
		};
		14C8AEF71FCAF62F005AACA2 /* Utilities */ = {
			isa = PBXGroup;
			children = (
				14C8AEF81FCAF674005AACA2 /* Constants.swift */,
			);
			path = Utilities;
			sourceTree = "<group>";
		};
		14C8AF001FCCEBFB005AACA2 /* Services */ = {
			isa = PBXGroup;
			children = (
				14C8AF011FCCEC64005AACA2 /* DataService.swift */,
			);
			path = Services;
			sourceTree = "<group>";
		};
		14C8AF031FCCEEF3005AACA2 /* Controller */ = {
			isa = PBXGroup;
			children = (
				14392FAC1FC516CE00993BB7 /* SignInVC.swift */,
				1444D5F01FD0CC9000A50CFF /* ProjectListVC.swift */,
				1444D5F41FD45B9900A50CFF /* ProjectsCell.swift */,
				1433E5981FD8D11400925648 /* CreateProjectVC.swift */,
				14E8D5041FF2BEE800B85A20 /* ArchiveProjectsVC.swift */,
				14E8D5061FF2CA7600B85A20 /* ArchiveProjectCell.swift */,
			);
			path = Controller;
			sourceTree = "<group>";
		};
		276C0B563ABFE943FCF80427 /* Frameworks */ = {
			isa = PBXGroup;
			children = (
				D3CDBEDCFF910448C7FC4733 /* Pods_Global_Film_Access.framework */,
			);
			name = Frameworks;
			sourceTree = "<group>";
		};
		8D5721C207B9AE87DFCF6CC7 /* Pods */ = {
			isa = PBXGroup;
			children = (
				0D1F3B38E97BD801B0E1B7CE /* Pods-Global Film Access.debug.xcconfig */,
				C9E9645289A7DF37D7A13653 /* Pods-Global Film Access.release.xcconfig */,
			);
			name = Pods;
			sourceTree = "<group>";
		};
/* End PBXGroup section */

/* Begin PBXNativeTarget section */
		14392FA61FC516CE00993BB7 /* Global Film Access */ = {
			isa = PBXNativeTarget;
			buildConfigurationList = 14392FB91FC516CE00993BB7 /* Build configuration list for PBXNativeTarget "Global Film Access" */;
			buildPhases = (
				48F268BA76588F2B28A64CB8 /* [CP] Check Pods Manifest.lock */,
				14392FA31FC516CE00993BB7 /* Sources */,
				14392FA41FC516CE00993BB7 /* Frameworks */,
				14392FA51FC516CE00993BB7 /* Resources */,
				6468E318B538FC4B9962B995 /* [CP] Embed Pods Frameworks */,
				7B91A67AB159DF67126F94B0 /* [CP] Copy Pods Resources */,
			);
			buildRules = (
			);
			dependencies = (
			);
			name = "Global Film Access";
			productName = "Global Film Access";
			productReference = 14392FA71FC516CE00993BB7 /* Global Film Access.app */;
			productType = "com.apple.product-type.application";
		};
/* End PBXNativeTarget section */

/* Begin PBXProject section */
		14392F9F1FC516CE00993BB7 /* Project object */ = {
			isa = PBXProject;
			attributes = {
				LastSwiftUpdateCheck = 0900;
				LastUpgradeCheck = 0900;
				ORGANIZATIONNAME = "Zachary Blauvelt";
				TargetAttributes = {
					14392FA61FC516CE00993BB7 = {
						CreatedOnToolsVersion = 9.0.1;
						ProvisioningStyle = Automatic;
					};
				};
			};
			buildConfigurationList = 14392FA21FC516CE00993BB7 /* Build configuration list for PBXProject "Global Film Access" */;
			compatibilityVersion = "Xcode 8.0";
			developmentRegion = en;
			hasScannedForEncodings = 0;
			knownRegions = (
				en,
				Base,
			);
			mainGroup = 14392F9E1FC516CE00993BB7;
			productRefGroup = 14392FA81FC516CE00993BB7 /* Products */;
			projectDirPath = "";
			projectRoot = "";
			targets = (
				14392FA61FC516CE00993BB7 /* Global Film Access */,
			);
		};
/* End PBXProject section */

/* Begin PBXResourcesBuildPhase section */
		14392FA51FC516CE00993BB7 /* Resources */ = {
			isa = PBXResourcesBuildPhase;
			buildActionMask = 2147483647;
			files = (
				14392FB51FC516CE00993BB7 /* LaunchScreen.storyboard in Resources */,
				14392FBD1FC51A6C00993BB7 /* GoogleService-Info.plist in Resources */,
				14392FB21FC516CE00993BB7 /* Assets.xcassets in Resources */,
				14392FB01FC516CE00993BB7 /* Main.storyboard in Resources */,
			);
			runOnlyForDeploymentPostprocessing = 0;
		};
/* End PBXResourcesBuildPhase section */

/* Begin PBXShellScriptBuildPhase section */
		48F268BA76588F2B28A64CB8 /* [CP] Check Pods Manifest.lock */ = {
			isa = PBXShellScriptBuildPhase;
			buildActionMask = 2147483647;
			files = (
			);
			inputPaths = (
			);
			name = "[CP] Check Pods Manifest.lock";
			outputPaths = (
			);
			runOnlyForDeploymentPostprocessing = 0;
			shellPath = /bin/sh;
			shellScript = "diff \"${PODS_PODFILE_DIR_PATH}/Podfile.lock\" \"${PODS_ROOT}/Manifest.lock\" > /dev/null\nif [ $? != 0 ] ; then\n    # print error to STDERR\n    echo \"error: The sandbox is not in sync with the Podfile.lock. Run 'pod install' or update your CocoaPods installation.\" >&2\n    exit 1\nfi\n";
			showEnvVarsInLog = 0;
		};
		6468E318B538FC4B9962B995 /* [CP] Embed Pods Frameworks */ = {
			isa = PBXShellScriptBuildPhase;
			buildActionMask = 2147483647;
			files = (
			);
			inputPaths = (
			);
			name = "[CP] Embed Pods Frameworks";
			outputPaths = (
			);
			runOnlyForDeploymentPostprocessing = 0;
			shellPath = /bin/sh;
			shellScript = "\"${SRCROOT}/Pods/Target Support Files/Pods-Global Film Access/Pods-Global Film Access-frameworks.sh\"\n";
			showEnvVarsInLog = 0;
		};
		7B91A67AB159DF67126F94B0 /* [CP] Copy Pods Resources */ = {
			isa = PBXShellScriptBuildPhase;
			buildActionMask = 2147483647;
			files = (
			);
			inputPaths = (
			);
			name = "[CP] Copy Pods Resources";
			outputPaths = (
			);
			runOnlyForDeploymentPostprocessing = 0;
			shellPath = /bin/sh;
			shellScript = "\"${SRCROOT}/Pods/Target Support Files/Pods-Global Film Access/Pods-Global Film Access-resources.sh\"\n";
			showEnvVarsInLog = 0;
		};
/* End PBXShellScriptBuildPhase section */

/* Begin PBXSourcesBuildPhase section */
		14392FA31FC516CE00993BB7 /* Sources */ = {
			isa = PBXSourcesBuildPhase;
			buildActionMask = 2147483647;
			files = (
				1444D5F91FD6414200A50CFF /* CustomView.swift in Sources */,
				1444D5F11FD0CC9000A50CFF /* ProjectListVC.swift in Sources */,
				1433E59D1FD8E86200925648 /* CircleButton.swift in Sources */,
				1433E5971FD8C8DD00925648 /* CommonTextField.swift in Sources */,
				14C8AEFD1FCB04D4005AACA2 /* CustomTextField.swift in Sources */,
				14392FAD1FC516CE00993BB7 /* SignInVC.swift in Sources */,
				1417FAB51FE21A6300EDBF1B /* CurArchProjects.swift in Sources */,
				1444D5F71FD63F7000A50CFF /* CircleImage.swift in Sources */,
				1444D5EF1FD0C53900A50CFF /* UserProjects.swift in Sources */,
				1444D5F31FD0E67E00A50CFF /* ProjectDetails.swift in Sources */,
				14E8D5051FF2BEE800B85A20 /* ArchiveProjectsVC.swift in Sources */,
				14392FAB1FC516CE00993BB7 /* AppDelegate.swift in Sources */,
				14C8AF021FCCEC64005AACA2 /* DataService.swift in Sources */,
				14C8AEF91FCAF674005AACA2 /* Constants.swift in Sources */,
				1444D5ED1FCF8E8600A50CFF /* User.swift in Sources */,
				1444D5E81FCE5F9F00A50CFF /* ProjectsTabBar.swift in Sources */,
				14E8D5071FF2CA7600B85A20 /* ArchiveProjectCell.swift in Sources */,
				1433E5991FD8D11400925648 /* CreateProjectVC.swift in Sources */,
				1444D5F51FD45B9900A50CFF /* ProjectsCell.swift in Sources */,
				14C8AEFF1FCB05FC005AACA2 /* RndButton.swift in Sources */,
			);
			runOnlyForDeploymentPostprocessing = 0;
		};
/* End PBXSourcesBuildPhase section */

/* Begin PBXVariantGroup section */
		14392FAE1FC516CE00993BB7 /* Main.storyboard */ = {
			isa = PBXVariantGroup;
			children = (
				14392FAF1FC516CE00993BB7 /* Base */,
			);
			name = Main.storyboard;
			sourceTree = "<group>";
		};
		14392FB31FC516CE00993BB7 /* LaunchScreen.storyboard */ = {
			isa = PBXVariantGroup;
			children = (
				14392FB41FC516CE00993BB7 /* Base */,
			);
			name = LaunchScreen.storyboard;
			sourceTree = "<group>";
		};
/* End PBXVariantGroup section */

/* Begin XCBuildConfiguration section */
		14392FB71FC516CE00993BB7 /* Debug */ = {
			isa = XCBuildConfiguration;
			buildSettings = {
				ALWAYS_SEARCH_USER_PATHS = NO;
				CLANG_ANALYZER_NONNULL = YES;
				CLANG_ANALYZER_NUMBER_OBJECT_CONVERSION = YES_AGGRESSIVE;
				CLANG_CXX_LANGUAGE_STANDARD = "gnu++14";
				CLANG_CXX_LIBRARY = "libc++";
				CLANG_ENABLE_MODULES = YES;
				CLANG_ENABLE_OBJC_ARC = YES;
				CLANG_WARN_BLOCK_CAPTURE_AUTORELEASING = YES;
				CLANG_WARN_BOOL_CONVERSION = YES;
				CLANG_WARN_COMMA = YES;
				CLANG_WARN_CONSTANT_CONVERSION = YES;
				CLANG_WARN_DIRECT_OBJC_ISA_USAGE = YES_ERROR;
				CLANG_WARN_DOCUMENTATION_COMMENTS = YES;
				CLANG_WARN_EMPTY_BODY = YES;
				CLANG_WARN_ENUM_CONVERSION = YES;
				CLANG_WARN_INFINITE_RECURSION = YES;
				CLANG_WARN_INT_CONVERSION = YES;
				CLANG_WARN_NON_LITERAL_NULL_CONVERSION = YES;
				CLANG_WARN_OBJC_LITERAL_CONVERSION = YES;
				CLANG_WARN_OBJC_ROOT_CLASS = YES_ERROR;
				CLANG_WARN_RANGE_LOOP_ANALYSIS = YES;
				CLANG_WARN_STRICT_PROTOTYPES = YES;
				CLANG_WARN_SUSPICIOUS_MOVE = YES;
				CLANG_WARN_UNGUARDED_AVAILABILITY = YES_AGGRESSIVE;
				CLANG_WARN_UNREACHABLE_CODE = YES;
				CLANG_WARN__DUPLICATE_METHOD_MATCH = YES;
				CODE_SIGN_IDENTITY = "iPhone Developer";
				COPY_PHASE_STRIP = NO;
				DEBUG_INFORMATION_FORMAT = dwarf;
				ENABLE_STRICT_OBJC_MSGSEND = YES;
				ENABLE_TESTABILITY = YES;
				GCC_C_LANGUAGE_STANDARD = gnu11;
				GCC_DYNAMIC_NO_PIC = NO;
				GCC_NO_COMMON_BLOCKS = YES;
				GCC_OPTIMIZATION_LEVEL = 0;
				GCC_PREPROCESSOR_DEFINITIONS = (
					"DEBUG=1",
					"$(inherited)",
				);
				GCC_WARN_64_TO_32_BIT_CONVERSION = YES;
				GCC_WARN_ABOUT_RETURN_TYPE = YES_ERROR;
				GCC_WARN_UNDECLARED_SELECTOR = YES;
				GCC_WARN_UNINITIALIZED_AUTOS = YES_AGGRESSIVE;
				GCC_WARN_UNUSED_FUNCTION = YES;
				GCC_WARN_UNUSED_VARIABLE = YES;
				IPHONEOS_DEPLOYMENT_TARGET = 11.0;
				MTL_ENABLE_DEBUG_INFO = YES;
				ONLY_ACTIVE_ARCH = YES;
				SDKROOT = iphoneos;
				SWIFT_ACTIVE_COMPILATION_CONDITIONS = DEBUG;
				SWIFT_OPTIMIZATION_LEVEL = "-Onone";
			};
			name = Debug;
		};
		14392FB81FC516CE00993BB7 /* Release */ = {
			isa = XCBuildConfiguration;
			buildSettings = {
				ALWAYS_SEARCH_USER_PATHS = NO;
				CLANG_ANALYZER_NONNULL = YES;
				CLANG_ANALYZER_NUMBER_OBJECT_CONVERSION = YES_AGGRESSIVE;
				CLANG_CXX_LANGUAGE_STANDARD = "gnu++14";
				CLANG_CXX_LIBRARY = "libc++";
				CLANG_ENABLE_MODULES = YES;
				CLANG_ENABLE_OBJC_ARC = YES;
				CLANG_WARN_BLOCK_CAPTURE_AUTORELEASING = YES;
				CLANG_WARN_BOOL_CONVERSION = YES;
				CLANG_WARN_COMMA = YES;
				CLANG_WARN_CONSTANT_CONVERSION = YES;
				CLANG_WARN_DIRECT_OBJC_ISA_USAGE = YES_ERROR;
				CLANG_WARN_DOCUMENTATION_COMMENTS = YES;
				CLANG_WARN_EMPTY_BODY = YES;
				CLANG_WARN_ENUM_CONVERSION = YES;
				CLANG_WARN_INFINITE_RECURSION = YES;
				CLANG_WARN_INT_CONVERSION = YES;
				CLANG_WARN_NON_LITERAL_NULL_CONVERSION = YES;
				CLANG_WARN_OBJC_LITERAL_CONVERSION = YES;
				CLANG_WARN_OBJC_ROOT_CLASS = YES_ERROR;
				CLANG_WARN_RANGE_LOOP_ANALYSIS = YES;
				CLANG_WARN_STRICT_PROTOTYPES = YES;
				CLANG_WARN_SUSPICIOUS_MOVE = YES;
				CLANG_WARN_UNGUARDED_AVAILABILITY = YES_AGGRESSIVE;
				CLANG_WARN_UNREACHABLE_CODE = YES;
				CLANG_WARN__DUPLICATE_METHOD_MATCH = YES;
				CODE_SIGN_IDENTITY = "iPhone Developer";
				COPY_PHASE_STRIP = NO;
				DEBUG_INFORMATION_FORMAT = "dwarf-with-dsym";
				ENABLE_NS_ASSERTIONS = NO;
				ENABLE_STRICT_OBJC_MSGSEND = YES;
				GCC_C_LANGUAGE_STANDARD = gnu11;
				GCC_NO_COMMON_BLOCKS = YES;
				GCC_WARN_64_TO_32_BIT_CONVERSION = YES;
				GCC_WARN_ABOUT_RETURN_TYPE = YES_ERROR;
				GCC_WARN_UNDECLARED_SELECTOR = YES;
				GCC_WARN_UNINITIALIZED_AUTOS = YES_AGGRESSIVE;
				GCC_WARN_UNUSED_FUNCTION = YES;
				GCC_WARN_UNUSED_VARIABLE = YES;
				IPHONEOS_DEPLOYMENT_TARGET = 11.0;
				MTL_ENABLE_DEBUG_INFO = NO;
				SDKROOT = iphoneos;
				SWIFT_OPTIMIZATION_LEVEL = "-Owholemodule";
				VALIDATE_PRODUCT = YES;
			};
			name = Release;
		};
		14392FBA1FC516CE00993BB7 /* Debug */ = {
			isa = XCBuildConfiguration;
			baseConfigurationReference = 0D1F3B38E97BD801B0E1B7CE /* Pods-Global Film Access.debug.xcconfig */;
			buildSettings = {
				ASSETCATALOG_COMPILER_APPICON_NAME = AppIcon;
				CODE_SIGN_STYLE = Automatic;
				DEVELOPMENT_TEAM = CN9WZU9JFM;
				INFOPLIST_FILE = "Global Film Access/Info.plist";
				LD_RUNPATH_SEARCH_PATHS = "$(inherited) @executable_path/Frameworks";
				PRODUCT_BUNDLE_IDENTIFIER = "com.ZackBlauvelt.Global-Film-Access";
				PRODUCT_NAME = "$(TARGET_NAME)";
				SWIFT_VERSION = 4.0;
				TARGETED_DEVICE_FAMILY = "1,2";
			};
			name = Debug;
		};
		14392FBB1FC516CE00993BB7 /* Release */ = {
			isa = XCBuildConfiguration;
			baseConfigurationReference = C9E9645289A7DF37D7A13653 /* Pods-Global Film Access.release.xcconfig */;
			buildSettings = {
				ASSETCATALOG_COMPILER_APPICON_NAME = AppIcon;
				CODE_SIGN_STYLE = Automatic;
				DEVELOPMENT_TEAM = CN9WZU9JFM;
				INFOPLIST_FILE = "Global Film Access/Info.plist";
				LD_RUNPATH_SEARCH_PATHS = "$(inherited) @executable_path/Frameworks";
				PRODUCT_BUNDLE_IDENTIFIER = "com.ZackBlauvelt.Global-Film-Access";
				PRODUCT_NAME = "$(TARGET_NAME)";
				SWIFT_VERSION = 4.0;
				TARGETED_DEVICE_FAMILY = "1,2";
			};
			name = Release;
		};
/* End XCBuildConfiguration section */

/* Begin XCConfigurationList section */
		14392FA21FC516CE00993BB7 /* Build configuration list for PBXProject "Global Film Access" */ = {
			isa = XCConfigurationList;
			buildConfigurations = (
				14392FB71FC516CE00993BB7 /* Debug */,
				14392FB81FC516CE00993BB7 /* Release */,
			);
			defaultConfigurationIsVisible = 0;
			defaultConfigurationName = Release;
		};
		14392FB91FC516CE00993BB7 /* Build configuration list for PBXNativeTarget "Global Film Access" */ = {
			isa = XCConfigurationList;
			buildConfigurations = (
				14392FBA1FC516CE00993BB7 /* Debug */,
				14392FBB1FC516CE00993BB7 /* Release */,
			);
			defaultConfigurationIsVisible = 0;
			defaultConfigurationName = Release;
		};
/* End XCConfigurationList section */
	};
	rootObject = 14392F9F1FC516CE00993BB7 /* Project object */;
}
